{
    "requires": true,
    "lockfileVersion": 1,
    "dependencies": {
        "@ckeditor/ckeditor5-adapter-ckfinder": {
            "version": "41.3.0",
            "resolved": "https://registry.npmjs.org/@ckeditor/ckeditor5-adapter-ckfinder/-/ckeditor5-adapter-ckfinder-41.3.0.tgz",
            "integrity": "sha512-mwvmvsiGE0QqPxN91rQm7Xg00QsGS46juAaMzCzbJUrOO0WQkj2PcXniFHUN8xO0dHK1rWznykiGOT3twFdWEw==",
            "requires": {
                "ckeditor5": "41.3.0"
            }
        },
        "@ckeditor/ckeditor5-autoformat": {
            "version": "41.3.0",
            "resolved": "https://registry.npmjs.org/@ckeditor/ckeditor5-autoformat/-/ckeditor5-autoformat-41.3.0.tgz",
            "integrity": "sha512-7PilkC98/erd93/SSc8uJ65UMtDL4HTq84dS8vq76PAcW09mvEyd+g3/NEh9cQzJPOn4XDVN4oTLg1bU3t5bQA==",
            "requires": {
                "ckeditor5": "41.3.0"
            }
        },
        "@ckeditor/ckeditor5-basic-styles": {
            "version": "41.3.0",
            "resolved": "https://registry.npmjs.org/@ckeditor/ckeditor5-basic-styles/-/ckeditor5-basic-styles-41.3.0.tgz",
            "integrity": "sha512-FSH/pmrApZZqZ83LHXsQkjQK5fRai7UUyqkPBsL/mgTm05/MLgyuoGYTR5+ogRTh05IQV6Wt9aMtRoboAtLCrw==",
            "requires": {
                "ckeditor5": "41.3.0"
            }
        },
        "@ckeditor/ckeditor5-block-quote": {
            "version": "41.3.0",
            "resolved": "https://registry.npmjs.org/@ckeditor/ckeditor5-block-quote/-/ckeditor5-block-quote-41.3.0.tgz",
            "integrity": "sha512-md1xncrU4GQRHaJMVtON6F+7cVz+IaqEKtovnODja5CWMIrDfBQ+JMECo3UjGUn1V7nJgF+MUODnUI4+Ns4Ngw==",
            "requires": {
                "ckeditor5": "41.3.0"
            }
        },
        "@ckeditor/ckeditor5-build-classic": {
            "version": "41.3.0",
            "resolved": "https://registry.npmjs.org/@ckeditor/ckeditor5-build-classic/-/ckeditor5-build-classic-41.3.0.tgz",
            "integrity": "sha512-T34GRS+l0eaErpPwbHPkrjDmC4iFJ0EQyug04xlyBCGxppdyh+Oh4G+YCU3sIX/MxAQJiz7elL+UgOPuNwV/ig==",
            "requires": {
                "@ckeditor/ckeditor5-adapter-ckfinder": "41.3.0",
                "@ckeditor/ckeditor5-autoformat": "41.3.0",
                "@ckeditor/ckeditor5-basic-styles": "41.3.0",
                "@ckeditor/ckeditor5-block-quote": "41.3.0",
                "@ckeditor/ckeditor5-ckbox": "41.3.0",
                "@ckeditor/ckeditor5-ckfinder": "41.3.0",
                "@ckeditor/ckeditor5-cloud-services": "41.3.0",
                "@ckeditor/ckeditor5-easy-image": "41.3.0",
                "@ckeditor/ckeditor5-editor-classic": "41.3.0",
                "@ckeditor/ckeditor5-essentials": "41.3.0",
                "@ckeditor/ckeditor5-heading": "41.3.0",
                "@ckeditor/ckeditor5-image": "41.3.0",
                "@ckeditor/ckeditor5-indent": "41.3.0",
                "@ckeditor/ckeditor5-link": "41.3.0",
                "@ckeditor/ckeditor5-list": "41.3.0",
                "@ckeditor/ckeditor5-media-embed": "41.3.0",
                "@ckeditor/ckeditor5-paragraph": "41.3.0",
                "@ckeditor/ckeditor5-paste-from-office": "41.3.0",
                "@ckeditor/ckeditor5-table": "41.3.0",
                "@ckeditor/ckeditor5-typing": "41.3.0"
            }
        },
        "@ckeditor/ckeditor5-ckbox": {
            "version": "41.3.0",
            "resolved": "https://registry.npmjs.org/@ckeditor/ckeditor5-ckbox/-/ckeditor5-ckbox-41.3.0.tgz",
            "integrity": "sha512-XSDYNAIt827XShWsoZBXlcWOgEa8pCUqH7PHA3zhmXGziw8lolP9Z6gcRFa5KijxMGutFBiUCM+L6pzVVK+gbQ==",
            "requires": {
                "blurhash": "2.0.5",
                "ckeditor5": "41.3.0",
                "lodash-es": "4.17.21"
            }
        },
        "@ckeditor/ckeditor5-ckfinder": {
            "version": "41.3.0",
            "resolved": "https://registry.npmjs.org/@ckeditor/ckeditor5-ckfinder/-/ckeditor5-ckfinder-41.3.0.tgz",
            "integrity": "sha512-yo79RkNVmuKVilcK+j5cYBLk0gPJ4/9t8DGCNmoZPyTG7Xe53MVY6MOElXQMFM5jcDQXGvMNz2uhHz+yNlGceg==",
            "requires": {
                "ckeditor5": "41.3.0"
            }
        },
        "@ckeditor/ckeditor5-clipboard": {
            "version": "41.3.0",
            "resolved": "https://registry.npmjs.org/@ckeditor/ckeditor5-clipboard/-/ckeditor5-clipboard-41.3.0.tgz",
            "integrity": "sha512-ZVCl4L4FggW64DtL5m1RPSKEo6HwkTViu7m+cN6NXT7VAV4SVEvxhL1vYpz/vhBBPZLw6kSELX17fbI3PbIa0g==",
            "requires": {
                "@ckeditor/ckeditor5-core": "41.3.0",
                "@ckeditor/ckeditor5-engine": "41.3.0",
                "@ckeditor/ckeditor5-ui": "41.3.0",
                "@ckeditor/ckeditor5-utils": "41.3.0",
                "@ckeditor/ckeditor5-widget": "41.3.0",
                "lodash-es": "4.17.21"
            }
        },
        "@ckeditor/ckeditor5-cloud-services": {
            "version": "41.3.0",
            "resolved": "https://registry.npmjs.org/@ckeditor/ckeditor5-cloud-services/-/ckeditor5-cloud-services-41.3.0.tgz",
            "integrity": "sha512-uctCCl6rAXGyatqNzngG/buoQEasUwRuS8aliSso/7wDQbWECzsd9+7BPiO5+/GguVhnwwYXsdJ89KH2zYz4WA==",
            "requires": {
                "ckeditor5": "41.3.0"
            }
        },
        "@ckeditor/ckeditor5-core": {
            "version": "41.3.0",
            "resolved": "https://registry.npmjs.org/@ckeditor/ckeditor5-core/-/ckeditor5-core-41.3.0.tgz",
            "integrity": "sha512-3K1dQJTawbCJtaytZvIkax8fZjN7lns0IFEbu2MWTBGlXmifiDyRDRJe6/e/0sGSiKGsoBGIky8M0iYzqLbd3g==",
            "requires": {
                "@ckeditor/ckeditor5-engine": "41.3.0",
                "@ckeditor/ckeditor5-utils": "41.3.0",
                "lodash-es": "4.17.21"
            }
        },
        "@ckeditor/ckeditor5-easy-image": {
            "version": "41.3.0",
            "resolved": "https://registry.npmjs.org/@ckeditor/ckeditor5-easy-image/-/ckeditor5-easy-image-41.3.0.tgz",
            "integrity": "sha512-bB/0FtK3mv8DQxK+7/Y219G7wkaalqEdH6hVLNBXThdm62yy+ZzGVRpExg3sVDdYKDXbsMBhRUDI/n4DEL7Kag==",
            "requires": {
                "ckeditor5": "41.3.0"
            }
        },
        "@ckeditor/ckeditor5-editor-classic": {
            "version": "41.3.0",
            "resolved": "https://registry.npmjs.org/@ckeditor/ckeditor5-editor-classic/-/ckeditor5-editor-classic-41.3.0.tgz",
            "integrity": "sha512-yhs078iq0eSQpZ9+RQAWxSTsJoqYEbGomhlHebjHc9bpsTFFA4T8vcroWTvhRmySEpbHfRnADxQBj0ZGQfyDdA==",
            "requires": {
                "ckeditor5": "41.3.0",
                "lodash-es": "4.17.21"
            }
        },
        "@ckeditor/ckeditor5-engine": {
            "version": "41.3.0",
            "resolved": "https://registry.npmjs.org/@ckeditor/ckeditor5-engine/-/ckeditor5-engine-41.3.0.tgz",
            "integrity": "sha512-H+t3o5zuoyTzygCP2V/x0WEd2Vn3I1XwJtDbvcXDz1C05dbWf5UUAj/xIsgoIgmOl+HKNVLhPiCjZGXXZhCNzQ==",
            "requires": {
                "@ckeditor/ckeditor5-utils": "41.3.0",
                "lodash-es": "4.17.21"
            }
        },
        "@ckeditor/ckeditor5-enter": {
            "version": "41.3.0",
            "resolved": "https://registry.npmjs.org/@ckeditor/ckeditor5-enter/-/ckeditor5-enter-41.3.0.tgz",
            "integrity": "sha512-b061fD75nm9KMq/OXa6ilEMk9LJOrLMAst0/kX6ig0q9nE0VSkwkXqVAtCRbliEf0GIqQCjUvm2EoDuFeGWKeQ==",
            "requires": {
                "@ckeditor/ckeditor5-core": "41.3.0",
                "@ckeditor/ckeditor5-engine": "41.3.0",
                "@ckeditor/ckeditor5-utils": "41.3.0"
            }
        },
        "@ckeditor/ckeditor5-essentials": {
            "version": "41.3.0",
            "resolved": "https://registry.npmjs.org/@ckeditor/ckeditor5-essentials/-/ckeditor5-essentials-41.3.0.tgz",
            "integrity": "sha512-K6RXnNujsaF/m5BYMiEDE6WeGqs3JHnorK5JutsQ+QebqVs3P4nG78NmyFvf42FfgPKrpap2vyWky1M/DVFVOQ==",
            "requires": {
                "ckeditor5": "41.3.0"
            }
        },
        "@ckeditor/ckeditor5-heading": {
            "version": "41.3.0",
            "resolved": "https://registry.npmjs.org/@ckeditor/ckeditor5-heading/-/ckeditor5-heading-41.3.0.tgz",
            "integrity": "sha512-n8Og5x8IM8+MAFPh87DW/RqopMTJzPiONESt6XzvcHf+BLreImPwIy4abIpHbm1eAaQpv4ojHuMMYWSfOmv2JQ==",
            "requires": {
                "ckeditor5": "41.3.0"
            }
        },
        "@ckeditor/ckeditor5-image": {
            "version": "41.3.0",
            "resolved": "https://registry.npmjs.org/@ckeditor/ckeditor5-image/-/ckeditor5-image-41.3.0.tgz",
            "integrity": "sha512-G7vbgtycwW2USQfcbNn3iT7d+/7phKuwwZX7aaDQvFX4ciqeBVDIh9d/v3UYqPhBU5sWA5aILsXwrrM2CimFBw==",
            "requires": {
                "@ckeditor/ckeditor5-ui": "41.3.0",
                "ckeditor5": "41.3.0",
                "lodash-es": "4.17.21"
            }
        },
        "@ckeditor/ckeditor5-indent": {
            "version": "41.3.0",
            "resolved": "https://registry.npmjs.org/@ckeditor/ckeditor5-indent/-/ckeditor5-indent-41.3.0.tgz",
            "integrity": "sha512-GbqTHvWnLjqlqqxmmC1gO0Tfg6mXjah6TuI/JvRzID1fOwddFKFrBX+bk9LlWz0HlGEouW/aDTihbyE4ODZXXQ==",
            "requires": {
                "ckeditor5": "41.3.0"
            }
        },
        "@ckeditor/ckeditor5-link": {
            "version": "41.3.0",
            "resolved": "https://registry.npmjs.org/@ckeditor/ckeditor5-link/-/ckeditor5-link-41.3.0.tgz",
            "integrity": "sha512-JW6Og4lnDsSKjGyL5FKvSU3690oTtu5e/aVNn81NQqZpfczcDvgqjD7fdPwgI4cuvepa+six1N8uEVABjvjtSQ==",
            "requires": {
                "@ckeditor/ckeditor5-ui": "41.3.0",
                "ckeditor5": "41.3.0",
                "lodash-es": "4.17.21"
            }
        },
        "@ckeditor/ckeditor5-list": {
            "version": "41.3.0",
            "resolved": "https://registry.npmjs.org/@ckeditor/ckeditor5-list/-/ckeditor5-list-41.3.0.tgz",
            "integrity": "sha512-UxdRba5hLkP1Nl/gfbNoivcvXdQYavcgZZl36zO+CCuEgIcP7qcFRhye2oitiGZ1tSJfXD2/JAkkLOITdsKSjg==",
            "requires": {
                "ckeditor5": "41.3.0"
            }
        },
        "@ckeditor/ckeditor5-media-embed": {
            "version": "41.3.0",
            "resolved": "https://registry.npmjs.org/@ckeditor/ckeditor5-media-embed/-/ckeditor5-media-embed-41.3.0.tgz",
            "integrity": "sha512-zJqZgP22rDYY0bi6ZC2lrH8mtD15WVtJzEPwaSzW0khhzzMhnHMKJczjJwfpDC2IK1Va7BOQ54/ZAsqNJAe+Rw==",
            "requires": {
                "@ckeditor/ckeditor5-ui": "41.3.0",
                "ckeditor5": "41.3.0"
            }
        },
        "@ckeditor/ckeditor5-paragraph": {
            "version": "41.3.0",
            "resolved": "https://registry.npmjs.org/@ckeditor/ckeditor5-paragraph/-/ckeditor5-paragraph-41.3.0.tgz",
            "integrity": "sha512-9wcGu99fltVZNq+vn6PEiib+4pERIR8ntDZr+Gi++4jqDEehVbQbaqKRwy/fLCl0JFaRVnmtsRm+iaUnkL3R3Q==",
            "requires": {
                "@ckeditor/ckeditor5-core": "41.3.0",
                "@ckeditor/ckeditor5-ui": "41.3.0",
                "@ckeditor/ckeditor5-utils": "41.3.0"
            }
        },
        "@ckeditor/ckeditor5-paste-from-office": {
            "version": "41.3.0",
            "resolved": "https://registry.npmjs.org/@ckeditor/ckeditor5-paste-from-office/-/ckeditor5-paste-from-office-41.3.0.tgz",
            "integrity": "sha512-jItJg9tpQxSv3FjH90RSX+bZmqwVlHZcgTRI03rkQlwi+hlneP6Cu8vxRt0zRRbNLxy0gdnk6QpD1vbq/8riHQ==",
            "requires": {
                "ckeditor5": "41.3.0"
            }
        },
        "@ckeditor/ckeditor5-select-all": {
            "version": "41.3.0",
            "resolved": "https://registry.npmjs.org/@ckeditor/ckeditor5-select-all/-/ckeditor5-select-all-41.3.0.tgz",
            "integrity": "sha512-w14V7OHVVB9NlO536+NYPvgNk0XCNufO2oxO0B4Tf4iQi6U3LYxyMJwotHDwhJqYVHofLQyeuwFF3Y2N1d1NnQ==",
            "requires": {
                "@ckeditor/ckeditor5-core": "41.3.0",
                "@ckeditor/ckeditor5-ui": "41.3.0",
                "@ckeditor/ckeditor5-utils": "41.3.0"
            }
        },
        "@ckeditor/ckeditor5-table": {
            "version": "41.3.0",
            "resolved": "https://registry.npmjs.org/@ckeditor/ckeditor5-table/-/ckeditor5-table-41.3.0.tgz",
            "integrity": "sha512-0oz7gP2TTRPZy3sss3TKoJ9Kpf9/mmQgH17VTMotF2CKJbPZdP7m8NciFH5CPqRuWZZKMCXn02pZyqhA+U+7HA==",
            "requires": {
                "ckeditor5": "41.3.0",
                "lodash-es": "4.17.21"
            }
        },
        "@ckeditor/ckeditor5-typing": {
            "version": "41.3.0",
            "resolved": "https://registry.npmjs.org/@ckeditor/ckeditor5-typing/-/ckeditor5-typing-41.3.0.tgz",
            "integrity": "sha512-xboj4s3GcG+pwOYZeVUle8RkRE+De7OsejnzcwCwx+wJ2PkOwbSyVdXQIdRq+DSPxfISGjyFXGinSWiUx0taJg==",
            "requires": {
                "@ckeditor/ckeditor5-core": "41.3.0",
                "@ckeditor/ckeditor5-engine": "41.3.0",
                "@ckeditor/ckeditor5-utils": "41.3.0",
                "lodash-es": "4.17.21"
            }
        },
        "@ckeditor/ckeditor5-ui": {
            "version": "41.3.0",
            "resolved": "https://registry.npmjs.org/@ckeditor/ckeditor5-ui/-/ckeditor5-ui-41.3.0.tgz",
            "integrity": "sha512-F/zDk3584klgeoP2VyQmXn4cx0ekkfB8JD8JpqVNPAcLlw6HRdP9zhSTc9fDkA8QGnRIA/M0cXm3qXYS1Vms0Q==",
            "requires": {
                "@ckeditor/ckeditor5-core": "41.3.0",
                "@ckeditor/ckeditor5-utils": "41.3.0",
                "color-convert": "2.0.1",
                "color-parse": "1.4.2",
                "lodash-es": "4.17.21",
                "vanilla-colorful": "0.7.2"
            }
        },
        "@ckeditor/ckeditor5-undo": {
            "version": "41.3.0",
            "resolved": "https://registry.npmjs.org/@ckeditor/ckeditor5-undo/-/ckeditor5-undo-41.3.0.tgz",
            "integrity": "sha512-o9zNt8joLzepvoR4eFtA7wklmi7PaA94iHk6QqE0xYL0y6qhwH+RharJRfftMaYAEUTRK4LeVXY6tjRmV5QRXQ==",
            "requires": {
                "@ckeditor/ckeditor5-core": "41.3.0",
                "@ckeditor/ckeditor5-engine": "41.3.0",
                "@ckeditor/ckeditor5-ui": "41.3.0"
            }
        },
        "@ckeditor/ckeditor5-upload": {
            "version": "41.3.0",
            "resolved": "https://registry.npmjs.org/@ckeditor/ckeditor5-upload/-/ckeditor5-upload-41.3.0.tgz",
            "integrity": "sha512-ya7251S5oyqYzYNK4Ioz8L6Z4Dp93FItmm3uBAoEyWV0t0F0HeFpX+iWDTi9tfw6OgzZ8B0jPb6WYiAnrw2V3g==",
            "requires": {
                "@ckeditor/ckeditor5-core": "41.3.0",
                "@ckeditor/ckeditor5-utils": "41.3.0"
            }
        },
        "@ckeditor/ckeditor5-utils": {
            "version": "41.3.0",
            "resolved": "https://registry.npmjs.org/@ckeditor/ckeditor5-utils/-/ckeditor5-utils-41.3.0.tgz",
            "integrity": "sha512-MhsmTLklzwmMo7JFEVqul8eFOX3pD91mF8XfxH3qOb/GPxMmN0cCLVkY+W/WE/YCr5HZcWym3v0rVnUjqGZ6jQ==",
            "requires": {
                "lodash-es": "4.17.21"
            }
        },
        "@ckeditor/ckeditor5-watchdog": {
            "version": "41.3.0",
            "resolved": "https://registry.npmjs.org/@ckeditor/ckeditor5-watchdog/-/ckeditor5-watchdog-41.3.0.tgz",
            "integrity": "sha512-TVROhUR5hHy+2cbbuRc/+EO9xFcC8z/tWcMwOGlRIIwLJUu5GXWiCInF+wV0sG7IYdGIEEoOiTPiHzOSQSt5lQ==",
            "requires": {
                "lodash-es": "4.17.21"
            }
        },
        "@ckeditor/ckeditor5-widget": {
            "version": "41.3.0",
            "resolved": "https://registry.npmjs.org/@ckeditor/ckeditor5-widget/-/ckeditor5-widget-41.3.0.tgz",
            "integrity": "sha512-Cf0C6+G3LP4fZnPMmuCo1TknsGoikb7sz0MgW+16h1UGmNu5QpyOH9oGnHeDbeVFKyR4Ld0Li9Kw9+oJL9g6OA==",
            "requires": {
                "@ckeditor/ckeditor5-core": "41.3.0",
                "@ckeditor/ckeditor5-engine": "41.3.0",
                "@ckeditor/ckeditor5-enter": "41.3.0",
                "@ckeditor/ckeditor5-typing": "41.3.0",
                "@ckeditor/ckeditor5-ui": "41.3.0",
                "@ckeditor/ckeditor5-utils": "41.3.0",
                "lodash-es": "4.17.21"
            }
        },
        "blurhash": {
            "version": "2.0.5",
            "resolved": "https://registry.npmjs.org/blurhash/-/blurhash-2.0.5.tgz",
            "integrity": "sha512-cRygWd7kGBQO3VEhPiTgq4Wc43ctsM+o46urrmPOiuAe+07fzlSB9OJVdpgDL0jPqXUVQ9ht7aq7kxOeJHRK+w=="
        },
        "ckeditor5": {
            "version": "41.3.0",
            "resolved": "https://registry.npmjs.org/ckeditor5/-/ckeditor5-41.3.0.tgz",
            "integrity": "sha512-H9+Gv9DZQHxiPjaaWo0FHFeYBDWv0Je9WvudLyLaCwh9FVVEZNcPqVmxe55M1mIdQJSXNn8Q663orct09pqdfw==",
            "requires": {
                "@ckeditor/ckeditor5-clipboard": "41.3.0",
                "@ckeditor/ckeditor5-core": "41.3.0",
                "@ckeditor/ckeditor5-engine": "41.3.0",
                "@ckeditor/ckeditor5-enter": "41.3.0",
                "@ckeditor/ckeditor5-paragraph": "41.3.0",
                "@ckeditor/ckeditor5-select-all": "41.3.0",
                "@ckeditor/ckeditor5-typing": "41.3.0",
                "@ckeditor/ckeditor5-ui": "41.3.0",
                "@ckeditor/ckeditor5-undo": "41.3.0",
                "@ckeditor/ckeditor5-upload": "41.3.0",
                "@ckeditor/ckeditor5-utils": "41.3.0",
                "@ckeditor/ckeditor5-watchdog": "41.3.0",
                "@ckeditor/ckeditor5-widget": "41.3.0"
            }
        },
        "color-convert": {
            "version": "2.0.1",
            "resolved": "https://registry.npmjs.org/color-convert/-/color-convert-2.0.1.tgz",
            "integrity": "sha512-RRECPsj7iu/xb5oKYcsFHSppFNnsj/52OVTRKb4zP5onXwVF3zVmmToNcOfGC+CRDpfK/U584fMg38ZHCaElKQ==",
            "requires": {
                "color-name": "~1.1.4"
            }
        },
        "color-name": {
            "version": "1.1.4",
            "resolved": "https://registry.npmjs.org/color-name/-/color-name-1.1.4.tgz",
            "integrity": "sha512-dOy+3AuW3a2wNbZHIuMZpTcgjGuLU/uBL/ubcZF9OXbDo8ff4O8yVp5Bf0efS8uEoYo5q4Fx7dY9OgQGXgAsQA=="
        },
        "color-parse": {
            "version": "1.4.2",
            "resolved": "https://registry.npmjs.org/color-parse/-/color-parse-1.4.2.tgz",
            "integrity": "sha512-RI7s49/8yqDj3fECFZjUI1Yi0z/Gq1py43oNJivAIIDSyJiOZLfYCRQEgn8HEVAj++PcRe8AnL2XF0fRJ3BTnA==",
            "requires": {
                "color-name": "^1.0.0"
            }
        },
        "lodash-es": {
            "version": "4.17.21",
            "resolved": "https://registry.npmjs.org/lodash-es/-/lodash-es-4.17.21.tgz",
            "integrity": "sha512-mKnC+QJ9pWVzv+C4/U3rRsHapFfHvQFoFB92e52xeyGMcX6/OlIl78je1u8vePzYZSkkogMPJ2yjxxsb89cxyw=="
        },
        "vanilla-colorful": {
            "version": "0.7.2",
            "resolved": "https://registry.npmjs.org/vanilla-colorful/-/vanilla-colorful-0.7.2.tgz",
            "integrity": "sha512-z2YZusTFC6KnLERx1cgoIRX2CjPRP0W75N+3CC6gbvdX5Ch47rZkEMGO2Xnf+IEmi3RiFLxS18gayMA27iU7Kg=="
        }
    }
}
